
Microsoft Visual Studio Solution File, Format Version 12.00
# Visual Studio Version 17
VisualStudioVersion = 17.4.33213.308
MinimumVisualStudioVersion = 10.0.40219.1
Project("{FAE04EC0-301F-11D3-BF4B-00C04F79EFBC}") = "Sistema de ecuaciones algebraicas lineales", "Sistema de ecuaciones algebraicas lineales\Sistema de ecuaciones algebraicas lineales.csproj", "{8108FA1B-BC9C-4D16-9DF1-73736D3B41EC}"
EndProject
Global
	GlobalSection(SolutionConfigurationPlatforms) = preSolution
		Debug|Any CPU = Debug|Any CPU
		Release|Any CPU = Release|Any CPU
	EndGlobalSection
	GlobalSection(ProjectConfigurationPlatforms) = postSolution
		{8108FA1B-BC9C-4D16-9DF1-73736D3B41EC}.Debug|Any CPU.ActiveCfg = Debug|Any CPU
		{8108FA1B-BC9C-4D16-9DF1-73736D3B41EC}.Debug|Any CPU.Build.0 = Debug|Any CPU
		{8108FA1B-BC9C-4D16-9DF1-73736D3B41EC}.Release|Any CPU.ActiveCfg = Release|Any CPU
		{8108FA1B-BC9C-4D16-9DF1-73736D3B41EC}.Release|Any CPU.Build.0 = Release|Any CPU
	EndGlobalSection
	GlobalSection(SolutionProperties) = preSolution
		HideSolutionNode = FALSE
	EndGlobalSection
	GlobalSection(ExtensibilityGlobals) = postSolution
		SolutionGuid = {7C2DDB93-A997-4259-BC9A-A5B53F207F8C}
	EndGlobalSection
EndGlobal
